{
  "name": "ethglobal",
  "version": "1.0.0",
  "lockfileVersion": 3,
  "requires": true,
  "packages": {
    "": {
      "name": "ethglobal",
      "version": "1.0.0",
      "license": "ISC",
      "dependencies": {
        "@openzeppelin/contracts": "^4.9.2",
        "@openzeppelin/contracts-upgradeable": "^4.5.0"
      }
    },
    "node_modules/@openzeppelin/contracts": {
      "version": "4.9.2",
      "resolved": "https://registry.npmjs.org/@openzeppelin/contracts/-/contracts-4.9.2.tgz",
      "integrity": "sha512-mO+y6JaqXjWeMh9glYVzVu8HYPGknAAnWyxTRhGeckOruyXQMNnlcW6w/Dx9ftLeIQk6N+ZJFuVmTwF7lEIFrg=="
    },
    "node_modules/@openzeppelin/contracts-upgradeable": {
      "version": "4.5.0",
      "resolved": "https://registry.npmjs.org/@openzeppelin/contracts-upgradeable/-/contracts-upgradeable-4.5.0.tgz",
      "integrity": "sha512-5540xxycH2aDFI3e+5Mqd0GDeozkSKSEaNWoM65l90OYxZxOs9YQMqa+b4fR+363BXXSXoC1DTXut2TuqViwPA=="
    }
  }
}
